
Microsoft Visual Studio Solution File, Format Version 12.00
# Visual Studio Version 17
VisualStudioVersion = 17.2.32516.85
MinimumVisualStudioVersion = 10.0.40219.1
Project("{FAE04EC0-301F-11D3-BF4B-00C04F79EFBC}") = "Autogermana.Test", "Autogermana.Test\Autogermana.Test.csproj", "{CC67D662-657F-4873-BB20-7DB73918CA15}"
EndProject
Global
	GlobalSection(SolutionConfigurationPlatforms) = preSolution
		Debug|Any CPU = Debug|Any CPU
		Release|Any CPU = Release|Any CPU
	EndGlobalSection
	GlobalSection(ProjectConfigurationPlatforms) = postSolution
		{CC67D662-657F-4873-BB20-7DB73918CA15}.Debug|Any CPU.ActiveCfg = Debug|Any CPU
		{CC67D662-657F-4873-BB20-7DB73918CA15}.Debug|Any CPU.Build.0 = Debug|Any CPU
		{CC67D662-657F-4873-BB20-7DB73918CA15}.Release|Any CPU.ActiveCfg = Release|Any CPU
		{CC67D662-657F-4873-BB20-7DB73918CA15}.Release|Any CPU.Build.0 = Release|Any CPU
	EndGlobalSection
	GlobalSection(SolutionProperties) = preSolution
		HideSolutionNode = FALSE
	EndGlobalSection
	GlobalSection(ExtensibilityGlobals) = postSolution
		SolutionGuid = {0332F2E3-0062-4532-8668-DCB263824342}
	EndGlobalSection
EndGlobal
